
Microsoft Visual Studio Solution File, Format Version 12.00
# Visual Studio 15
VisualStudioVersion = 15.0.27703.2035
MinimumVisualStudioVersion = 10.0.40219.1
Project("{9A19103F-16F7-4668-BE54-9A1E7A4F7556}") = "Schany.Api", "Schany.Api\Schany.Api.csproj", "{87377FB1-9C08-4006-97F1-24E8092041DD}"
EndProject
Project("{9A19103F-16F7-4668-BE54-9A1E7A4F7556}") = "Schany.Data", "Schany.Data\Schany.Data.csproj", "{B26E5D83-2626-4645-B064-C65B693BAE6A}"
EndProject
Project("{9A19103F-16F7-4668-BE54-9A1E7A4F7556}") = "Schany.Core", "Schany.Core\Schany.Core.csproj", "{30C2D785-21F0-4F5C-88EC-12928255F622}"
EndProject
Project("{9A19103F-16F7-4668-BE54-9A1E7A4F7556}") = "Schany.Infrastructure", "Schany.Infrastructure\Schany.Infrastructure.csproj", "{84083555-4EC8-46DD-8CED-71B479F0A5BB}"
EndProject
Project("{FAE04EC0-301F-11D3-BF4B-00C04F79EFBC}") = "Schany.Framework", "Schany.Framework\Schany.Framework.csproj", "{5EFDC009-E9EF-4479-A37C-B58B434E9C1B}"
EndProject
Global
	GlobalSection(SolutionConfigurationPlatforms) = preSolution
		Debug|Any CPU = Debug|Any CPU
		Release|Any CPU = Release|Any CPU
	EndGlobalSection
	GlobalSection(ProjectConfigurationPlatforms) = postSolution
		{87377FB1-9C08-4006-97F1-24E8092041DD}.Debug|Any CPU.ActiveCfg = Debug|Any CPU
		{87377FB1-9C08-4006-97F1-24E8092041DD}.Debug|Any CPU.Build.0 = Debug|Any CPU
		{87377FB1-9C08-4006-97F1-24E8092041DD}.Release|Any CPU.ActiveCfg = Release|Any CPU
		{87377FB1-9C08-4006-97F1-24E8092041DD}.Release|Any CPU.Build.0 = Release|Any CPU
		{B26E5D83-2626-4645-B064-C65B693BAE6A}.Debug|Any CPU.ActiveCfg = Debug|Any CPU
		{B26E5D83-2626-4645-B064-C65B693BAE6A}.Debug|Any CPU.Build.0 = Debug|Any CPU
		{B26E5D83-2626-4645-B064-C65B693BAE6A}.Release|Any CPU.ActiveCfg = Release|Any CPU
		{B26E5D83-2626-4645-B064-C65B693BAE6A}.Release|Any CPU.Build.0 = Release|Any CPU
		{30C2D785-21F0-4F5C-88EC-12928255F622}.Debug|Any CPU.ActiveCfg = Debug|Any CPU
		{30C2D785-21F0-4F5C-88EC-12928255F622}.Debug|Any CPU.Build.0 = Debug|Any CPU
		{30C2D785-21F0-4F5C-88EC-12928255F622}.Release|Any CPU.ActiveCfg = Release|Any CPU
		{30C2D785-21F0-4F5C-88EC-12928255F622}.Release|Any CPU.Build.0 = Release|Any CPU
		{84083555-4EC8-46DD-8CED-71B479F0A5BB}.Debug|Any CPU.ActiveCfg = Debug|Any CPU
		{84083555-4EC8-46DD-8CED-71B479F0A5BB}.Debug|Any CPU.Build.0 = Debug|Any CPU
		{84083555-4EC8-46DD-8CED-71B479F0A5BB}.Release|Any CPU.ActiveCfg = Release|Any CPU
		{84083555-4EC8-46DD-8CED-71B479F0A5BB}.Release|Any CPU.Build.0 = Release|Any CPU
		{5EFDC009-E9EF-4479-A37C-B58B434E9C1B}.Debug|Any CPU.ActiveCfg = Debug|Any CPU
		{5EFDC009-E9EF-4479-A37C-B58B434E9C1B}.Debug|Any CPU.Build.0 = Debug|Any CPU
		{5EFDC009-E9EF-4479-A37C-B58B434E9C1B}.Release|Any CPU.ActiveCfg = Release|Any CPU
		{5EFDC009-E9EF-4479-A37C-B58B434E9C1B}.Release|Any CPU.Build.0 = Release|Any CPU
	EndGlobalSection
	GlobalSection(SolutionProperties) = preSolution
		HideSolutionNode = FALSE
	EndGlobalSection
	GlobalSection(ExtensibilityGlobals) = postSolution
		SolutionGuid = {75F99E09-7366-436F-AEA1-E6C4BE121094}
	EndGlobalSection
EndGlobal
